
Microsoft Visual Studio Solution File, Format Version 12.00
# Visual Studio Version 17
VisualStudioVersion = 17.5.33530.505
MinimumVisualStudioVersion = 10.0.40219.1
Project("{8BC9CEB8-8B4A-11D0-8D11-00A0C91BC942}") = "Branchlets", "Branchlets\Branchlets.vcxproj", "{301E7399-BF5B-4A56-8B5A-0BD20F4DED0F}"
EndProject
Global
	GlobalSection(SolutionConfigurationPlatforms) = preSolution
		Debug|x64 = Debug|x64
		Debug|x86 = Debug|x86
		Release|x64 = Release|x64
		Release|x86 = Release|x86
	EndGlobalSection
	GlobalSection(ProjectConfigurationPlatforms) = postSolution
		{301E7399-BF5B-4A56-8B5A-0BD20F4DED0F}.Debug|x64.ActiveCfg = Debug|x64
		{301E7399-BF5B-4A56-8B5A-0BD20F4DED0F}.Debug|x64.Build.0 = Debug|x64
		{301E7399-BF5B-4A56-8B5A-0BD20F4DED0F}.Debug|x86.ActiveCfg = Debug|Win32
		{301E7399-BF5B-4A56-8B5A-0BD20F4DED0F}.Debug|x86.Build.0 = Debug|Win32
		{301E7399-BF5B-4A56-8B5A-0BD20F4DED0F}.Release|x64.ActiveCfg = Release|x64
		{301E7399-BF5B-4A56-8B5A-0BD20F4DED0F}.Release|x64.Build.0 = Release|x64
		{301E7399-BF5B-4A56-8B5A-0BD20F4DED0F}.Release|x86.ActiveCfg = Release|Win32
		{301E7399-BF5B-4A56-8B5A-0BD20F4DED0F}.Release|x86.Build.0 = Release|Win32
	EndGlobalSection
	GlobalSection(SolutionProperties) = preSolution
		HideSolutionNode = FALSE
	EndGlobalSection
	GlobalSection(ExtensibilityGlobals) = postSolution
		SolutionGuid = {F42234B6-7E0E-488D-97D3-AE740DC2D552}
	EndGlobalSection
EndGlobal
